
Microsoft Visual Studio Solution File, Format Version 12.00
# Visual Studio Version 17
VisualStudioVersion = 17.5.002.0
MinimumVisualStudioVersion = 10.0.40219.1
Project("{9A19103F-16F7-4668-BE54-9A1E7A4F7556}") = "GiveAPI", "GiveAPI.csproj", "{2D03AF11-CA9B-44FF-81EC-65E003903F6B}"
EndProject
Global
	GlobalSection(SolutionConfigurationPlatforms) = preSolution
		Debug|Any CPU = Debug|Any CPU
		Release|Any CPU = Release|Any CPU
	EndGlobalSection
	GlobalSection(ProjectConfigurationPlatforms) = postSolution
		{2D03AF11-CA9B-44FF-81EC-65E003903F6B}.Debug|Any CPU.ActiveCfg = Debug|Any CPU
		{2D03AF11-CA9B-44FF-81EC-65E003903F6B}.Debug|Any CPU.Build.0 = Debug|Any CPU
		{2D03AF11-CA9B-44FF-81EC-65E003903F6B}.Release|Any CPU.ActiveCfg = Release|Any CPU
		{2D03AF11-CA9B-44FF-81EC-65E003903F6B}.Release|Any CPU.Build.0 = Release|Any CPU
	EndGlobalSection
	GlobalSection(SolutionProperties) = preSolution
		HideSolutionNode = FALSE
	EndGlobalSection
	GlobalSection(ExtensibilityGlobals) = postSolution
		SolutionGuid = {7FB023B5-372F-42F3-90B7-1E6B8F979427}
	EndGlobalSection
EndGlobal
